Microsoft Visual Studio Solution File, Format Version 12.00
# Visual Studio Version 18
VisualStudioVersion = 18.2.11415.280 d18.0
MinimumVisualStudioVersion = 16.0.0.0
Project("{9A19103F-16F7-4668-BE54-9A1E7A4F7556}") = "BrewSpa", "BrewSpa\BrewSpa.csproj", "{9ED9563D-E549-4990-ADA9-935CA7FADF17}"
EndProject
Project("{9A19103F-16F7-4668-BE54-9A1E7A4F7556}") = "BrewSpa.Client", "BrewSpa.Client\BrewSpa.Client.csproj", "{2615E06B-7E50-4CFF-B6A8-27B820218EE3}"
EndProject
Project("{2150E333-8FDC-42A3-9474-1A3956D46DE8}") = "90 Presentation", "90 Presentation", "{BECE85B8-A4ED-43F2-BDB0-D79DE2E7FC60}"
EndProject
Global
	GlobalSection(SolutionConfigurationPlatforms) = preSolution
		Debug|Any CPU = Debug|Any CPU
		Debug|x64 = Debug|x64
		Debug|x86 = Debug|x86
		Release|Any CPU = Release|Any CPU
		Release|x64 = Release|x64
		Release|x86 = Release|x86
	EndGlobalSection
	GlobalSection(ProjectConfigurationPlatforms) = postSolution
		{9ED9563D-E549-4990-ADA9-935CA7FADF17}.Debug|Any CPU.ActiveCfg = Debug|Any CPU
		{9ED9563D-E549-4990-ADA9-935CA7FADF17}.Debug|Any CPU.Build.0 = Debug|Any CPU
		{9ED9563D-E549-4990-ADA9-935CA7FADF17}.Debug|x64.ActiveCfg = Debug|Any CPU
		{9ED9563D-E549-4990-ADA9-935CA7FADF17}.Debug|x64.Build.0 = Debug|Any CPU
		{9ED9563D-E549-4990-ADA9-935CA7FADF17}.Debug|x86.ActiveCfg = Debug|Any CPU
		{9ED9563D-E549-4990-ADA9-935CA7FADF17}.Debug|x86.Build.0 = Debug|Any CPU
		{9ED9563D-E549-4990-ADA9-935CA7FADF17}.Release|Any CPU.ActiveCfg = Release|Any CPU
		{9ED9563D-E549-4990-ADA9-935CA7FADF17}.Release|Any CPU.Build.0 = Release|Any CPU
		{9ED9563D-E549-4990-ADA9-935CA7FADF17}.Release|x64.ActiveCfg = Release|Any CPU
		{9ED9563D-E549-4990-ADA9-935CA7FADF17}.Release|x64.Build.0 = Release|Any CPU
		{9ED9563D-E549-4990-ADA9-935CA7FADF17}.Release|x86.ActiveCfg = Release|Any CPU
		{9ED9563D-E549-4990-ADA9-935CA7FADF17}.Release|x86.Build.0 = Release|Any CPU
		{2615E06B-7E50-4CFF-B6A8-27B820218EE3}.Debug|Any CPU.ActiveCfg = Debug|Any CPU
		{2615E06B-7E50-4CFF-B6A8-27B820218EE3}.Debug|Any CPU.Build.0 = Debug|Any CPU
		{2615E06B-7E50-4CFF-B6A8-27B820218EE3}.Debug|x64.ActiveCfg = Debug|Any CPU
		{2615E06B-7E50-4CFF-B6A8-27B820218EE3}.Debug|x64.Build.0 = Debug|Any CPU
		{2615E06B-7E50-4CFF-B6A8-27B820218EE3}.Debug|x86.ActiveCfg = Debug|Any CPU
		{2615E06B-7E50-4CFF-B6A8-27B820218EE3}.Debug|x86.Build.0 = Debug|Any CPU
		{2615E06B-7E50-4CFF-B6A8-27B820218EE3}.Release|Any CPU.ActiveCfg = Release|Any CPU
		{2615E06B-7E50-4CFF-B6A8-27B820218EE3}.Release|Any CPU.Build.0 = Release|Any CPU
		{2615E06B-7E50-4CFF-B6A8-27B820218EE3}.Release|x64.ActiveCfg = Release|Any CPU
		{2615E06B-7E50-4CFF-B6A8-27B820218EE3}.Release|x64.Build.0 = Release|Any CPU
		{2615E06B-7E50-4CFF-B6A8-27B820218EE3}.Release|x86.ActiveCfg = Release|Any CPU
		{2615E06B-7E50-4CFF-B6A8-27B820218EE3}.Release|x86.Build.0 = Release|Any CPU
	EndGlobalSection
	GlobalSection(SolutionProperties) = preSolution
		HideSolutionNode = FALSE
	EndGlobalSection
	GlobalSection(NestedProjects) = preSolution
		{9ED9563D-E549-4990-ADA9-935CA7FADF17} = {BECE85B8-A4ED-43F2-BDB0-D79DE2E7FC60}
	EndGlobalSection
	GlobalSection(ExtensibilityGlobals) = postSolution
		SolutionGuid = {56C8370A-521C-424F-8B37-B07B29F4BDEB}
	EndGlobalSection
EndGlobal
